hash: e966b8a17e5e245235779be4284c5466177bd1bcd9ea91e6511ea4e80bfe7fed
updated: 2016-10-28T14:09:43.888331619-07:00
imports:
- name: github.com/coreos/etcd
  version: 83347907774bf36cbb261c594a32fd7b0f5dd9f6
  subpackages:
  - client
  - pkg/fileutil
  - pkg/pathutil
  - pkg/tlsutil
  - pkg/transport
  - pkg/types
- name: github.com/coreos/go-systemd
  version: bfdc81d0d7e0fb19447b08571f63b774495251ce
  subpackages:
  - activation
  - journal
  - util
- name: github.com/coreos/pkg
  version: fa29b1d70f0beaddd4c7021607cc3c3be8ce94b8
  subpackages:
  - capnslog
  - dlopen
- name: github.com/docker/distribution
  version: 8234784a1a66bfee4a6d72d0a3cbd453b7f903d7
  subpackages:
  - digest
  - reference
- name: github.com/docker/engine-api
  version: 3d1601b9d2436a70b0dfc045a23f6503d19195df
  subpackages:
  - client
  - client/transport
  - client/transport/cancellable
  - types
  - types/blkiodev
  - types/container
  - types/filters
  - types/network
  - types/reference
  - types/registry
  - types/strslice
  - types/swarm
  - types/time
  - types/versions
- name: github.com/docker/go-connections
  version: 990a1a1a70b0da4c4cb70e117971a4f0babfbf1a
  subpackages:
  - nat
  - sockets
  - tlsconfig
- name: github.com/docker/go-plugins-helpers
  version: 8a0198e77ac4e4ee167222caf6894cb32386c5fc
  subpackages:
  - ipam
  - network
  - sdk
- name: github.com/docker/go-units
  version: f2d77a61e3c169b43402a0a1e84f06daf29b8190
- name: github.com/ghodss/yaml
  version: 73d445a93680fa1a78ae23a5839bad48f32ba1ee
- name: github.com/kelseyhightower/envconfig
  version: 9aca109c9aec4633fced9717c4a09ecab3d33111
- name: github.com/Microsoft/go-winio
  version: 4f1a71750d95a5a8a46c40a67ffbed8129c2f138
- name: github.com/opencontainers/runc
  version: c91b5bea4830a57eac7882d7455d59518cdf70ec
  subpackages:
  - libcontainer/user
- name: github.com/pkg/errors
  version: 645ef00459ed84a119197bfb8d8205042c6df63d
- name: github.com/projectcalico/libcalico-go
  version: 4d86b6458df42f96e0ac15f6a4130884376d6f02
  subpackages:
  - lib/api
  - lib/api/unversioned
  - lib/backend
  - lib/backend/api
  - lib/backend/compat
  - lib/backend/etcd
  - lib/backend/model
  - lib/client
  - lib/errors
  - lib/hwm
  - lib/net
  - lib/numorstring
  - lib/scope
- name: github.com/satori/go.uuid
  version: b061729afc07e77a8aa4fad0a2fd840958f1942a
- name: github.com/Sirupsen/logrus
  version: 4b6ea7319e214d98c938f12692336f7ca9348d6b
- name: github.com/ugorji/go
  version: f1f1a805ed361a0e078bb537e4ea78cd37dcf065
  subpackages:
  - codec
- name: github.com/vishvananda/netlink
  version: 9dee363ad4abbc3c9a4a24a9f1e33363e224b111
  subpackages:
  - nl
- name: github.com/vishvananda/netns
  version: 8ba1072b58e0c2a240eb5f6120165c7776c3e7b8
- name: golang.org/x/net
  version: 4876518f9e71663000c348837735820161a42df7
  subpackages:
  - context
  - proxy
- name: golang.org/x/sys
  version: 9c60d1c508f5134d1ca726b4641db998f2523357
  subpackages:
  - unix
  - windows
- name: gopkg.in/tchap/go-patricia.v2
  version: 666120de432aea38ab06bd5c818f04f4129882c9
  subpackages:
  - patricia
- name: gopkg.in/yaml.v2
  version: 53feefa2559fb8dfa8d81baad31be332c97d6c77
testImports: []
